<?xml version="1.0" encoding="UTF-8"?>
<Scheme
   version = "1.3">
   <BuildAction>
      <BuildActionEntries>
         <BuildActionEntry
            buildForRunning = "YES">
            <BuildableReference
               BuildableIdentifier = "primary"
               BlueprintIdentifier = "BA4CDFF2F4C0689561F597A4"
               BuildableName = "InteractiveStory.app"
               BlueprintName = "InteractiveStory"
               ReferencedContainer = "container:InteractiveStory.xcodeproj">
            </BuildableReference>
         </BuildActionEntry>
      </BuildActionEntries>
   </BuildAction>
   <LaunchAction
      useCustomWorkingDirectory = "NO"
      buildConfiguration = "Debug"
      allowLocationSimulation = "YES">
      <BuildableProductRunnable>
         <BuildableReference
            BuildableIdentifier = "primary"
            BlueprintIdentifier = "BA4CDFF2F4C0689561F597A4"
            BuildableName = "InteractiveStory.app"
            BlueprintName = "InteractiveStory"
            ReferencedContainer = "container:InteractiveStory.xcodeproj">
         </BuildableReference>
      </BuildableProductRunnable>
   </LaunchAction>
</Scheme>
